
Microsoft Visual Studio Solution File, Format Version 12.00
# Visual Studio Version 17
VisualStudioVersion = 17.4.33213.308
MinimumVisualStudioVersion = 10.0.40219.1
Project("{FAE04EC0-301F-11D3-BF4B-00C04F79EFBC}") = "HolaMundoCS", "HolaMundoCS.csproj", "{147D3363-297F-44ED-9C21-51890BD2E074}"
EndProject
Global
	GlobalSection(SolutionConfigurationPlatforms) = preSolution
		Debug|Any CPU = Debug|Any CPU
		Release|Any CPU = Release|Any CPU
	EndGlobalSection
	GlobalSection(ProjectConfigurationPlatforms) = postSolution
		{147D3363-297F-44ED-9C21-51890BD2E074}.Debug|Any CPU.ActiveCfg = Debug|Any CPU
		{147D3363-297F-44ED-9C21-51890BD2E074}.Debug|Any CPU.Build.0 = Debug|Any CPU
		{147D3363-297F-44ED-9C21-51890BD2E074}.Release|Any CPU.ActiveCfg = Release|Any CPU
		{147D3363-297F-44ED-9C21-51890BD2E074}.Release|Any CPU.Build.0 = Release|Any CPU
	EndGlobalSection
	GlobalSection(SolutionProperties) = preSolution
		HideSolutionNode = FALSE
	EndGlobalSection
	GlobalSection(ExtensibilityGlobals) = postSolution
		SolutionGuid = {18A882AE-EC59-4F4D-91E0-A19B42B67F06}
	EndGlobalSection
EndGlobal
